// !$*UTF8*$!
{
	archiveVersion = 1;
	classes = {
	};
	objectVersion = 48;
	objects = {

/* Begin PBXBuildFile section */
		438C79511FCBF2A300FA01F8 /* libcrypto.a in Frameworks */ = {isa = PBXBuildFile; fileRef = 438C79501FCBF2A300FA01F8 /* libcrypto.a */; };
		438C79531FCBF47200FA01F8 /* dname.c in Sources */ = {isa = PBXBuildFile; fileRef = 438C79521FCBF47200FA01F8 /* dname.c */; };
		438C79551FCBF4CA00FA01F8 /* util.c in Sources */ = {isa = PBXBuildFile; fileRef = 438C79541FCBF4CA00FA01F8 /* util.c */; };
		438C79571FCC143300FA01F8 /* libresolv.tbd in Frameworks */ = {isa = PBXBuildFile; fileRef = 438C79561FCC143300FA01F8 /* libresolv.tbd */; };
		43FAD34D1FC6DCA20065600E /* duration.c in Sources */ = {isa = PBXBuildFile; fileRef = 43FAD33F1FC6DCA10065600E /* duration.c */; };
		43FAD34E1FC6DCA20065600E /* higher.c in Sources */ = {isa = PBXBuildFile; fileRef = 43FAD3401FC6DCA10065600E /* higher.c */; };
		43FAD34F1FC6DCA20065600E /* error.c in Sources */ = {isa = PBXBuildFile; fileRef = 43FAD3411FC6DCA10065600E /* error.c */; };
		43FAD3501FC6DCA20065600E /* buffer.c in Sources */ = {isa = PBXBuildFile; fileRef = 43FAD3421FC6DCA20065600E /* buffer.c */; };
		43FAD3511FC6DCA20065600E /* net.c in Sources */ = {isa = PBXBuildFile; fileRef = 43FAD3431FC6DCA20065600E /* net.c */; };
		43FAD3521FC6DCA20065600E /* packet.c in Sources */ = {isa = PBXBuildFile; fileRef = 43FAD3441FC6DCA20065600E /* packet.c */; };
		43FAD3531FC6DCA20065600E /* dnssec_verify.c in Sources */ = {isa = PBXBuildFile; fileRef = 43FAD3451FC6DCA20065600E /* dnssec_verify.c */; };
		43FAD3541FC6DCA20065600E /* dnssec_sign.c in Sources */ = {isa = PBXBuildFile; fileRef = 43FAD3461FC6DCA20065600E /* dnssec_sign.c */; };
		43FAD3551FC6DCA20065600E /* dane.c in Sources */ = {isa = PBXBuildFile; fileRef = 43FAD3471FC6DCA20065600E /* dane.c */; };
		43FAD3561FC6DCA20065600E /* dnssec_zone.c in Sources */ = {isa = PBXBuildFile; fileRef = 43FAD3481FC6DCA20065600E /* dnssec_zone.c */; };
		43FAD3571FC6DCA20065600E /* dnssec.c in Sources */ = {isa = PBXBuildFile; fileRef = 43FAD3491FC6DCA20065600E /* dnssec.c */; };
		43FAD3581FC6DCA20065600E /* host2str.c in Sources */ = {isa = PBXBuildFile; fileRef = 43FAD34A1FC6DCA20065600E /* host2str.c */; };
		43FAD3591FC6DCA20065600E /* host2wire.c in Sources */ = {isa = PBXBuildFile; fileRef = 43FAD34B1FC6DCA20065600E /* host2wire.c */; };
		43FAD35A1FC6DCA20065600E /* keys.c in Sources */ = {isa = PBXBuildFile; fileRef = 43FAD34C1FC6DCA20065600E /* keys.c */; };
		43FAD3691FC6DCE70065600E /* sha2.c in Sources */ = {isa = PBXBuildFile; fileRef = 43FAD35B1FC6DCE50065600E /* sha2.c */; };
		43FAD36A1FC6DCE70065600E /* rr_functions.c in Sources */ = {isa = PBXBuildFile; fileRef = 43FAD35C1FC6DCE60065600E /* rr_functions.c */; };
		43FAD36B1FC6DCE70065600E /* wire2host.c in Sources */ = {isa = PBXBuildFile; fileRef = 43FAD35D1FC6DCE60065600E /* wire2host.c */; };
		43FAD36C1FC6DCE70065600E /* str2host.c in Sources */ = {isa = PBXBuildFile; fileRef = 43FAD35E1FC6DCE60065600E /* str2host.c */; };
		43FAD36D1FC6DCE70065600E /* radix.c in Sources */ = {isa = PBXBuildFile; fileRef = 43FAD35F1FC6DCE60065600E /* radix.c */; };
		43FAD36E1FC6DCE70065600E /* resolver.c in Sources */ = {isa = PBXBuildFile; fileRef = 43FAD3601FC6DCE60065600E /* resolver.c */; };
		43FAD36F1FC6DCE70065600E /* update.c in Sources */ = {isa = PBXBuildFile; fileRef = 43FAD3611FC6DCE60065600E /* update.c */; };
		43FAD3701FC6DCE70065600E /* parse.c in Sources */ = {isa = PBXBuildFile; fileRef = 43FAD3621FC6DCE60065600E /* parse.c */; };
		43FAD3711FC6DCE70065600E /* tsig.c in Sources */ = {isa = PBXBuildFile; fileRef = 43FAD3631FC6DCE60065600E /* tsig.c */; };
		43FAD3721FC6DCE70065600E /* rbtree.c in Sources */ = {isa = PBXBuildFile; fileRef = 43FAD3641FC6DCE60065600E /* rbtree.c */; };
		43FAD3731FC6DCE70065600E /* rdata.c in Sources */ = {isa = PBXBuildFile; fileRef = 43FAD3651FC6DCE60065600E /* rdata.c */; };
		43FAD3741FC6DCE70065600E /* zone.c in Sources */ = {isa = PBXBuildFile; fileRef = 43FAD3661FC6DCE70065600E /* zone.c */; };
		43FAD3751FC6DCE70065600E /* sha1.c in Sources */ = {isa = PBXBuildFile; fileRef = 43FAD3671FC6DCE70065600E /* sha1.c */; };
		43FAD3761FC6DCE70065600E /* rr.c in Sources */ = {isa = PBXBuildFile; fileRef = 43FAD3681FC6DCE70065600E /* rr.c */; };
		43FAD3941FC6DD7F0065600E /* rr_functions.h in Headers */ = {isa = PBXBuildFile; fileRef = 43FAD3781FC6DD7D0065600E /* rr_functions.h */; };
		43FAD3951FC6DD7F0065600E /* parse.h in Headers */ = {isa = PBXBuildFile; fileRef = 43FAD3791FC6DD7D0065600E /* parse.h */; };
		43FAD3961FC6DD7F0065600E /* host2str.h in Headers */ = {isa = PBXBuildFile; fileRef = 43FAD37A1FC6DD7D0065600E /* host2str.h */; };
		43FAD3971FC6DD7F0065600E /* host2wire.h in Headers */ = {isa = PBXBuildFile; fileRef = 43FAD37B1FC6DD7D0065600E /* host2wire.h */; };
		43FAD3981FC6DD7F0065600E /* keys.h in Headers */ = {isa = PBXBuildFile; fileRef = 43FAD37C1FC6DD7D0065600E /* keys.h */; };
		43FAD3991FC6DD7F0065600E /* rbtree.h in Headers */ = {isa = PBXBuildFile; fileRef = 43FAD37D1FC6DD7D0065600E /* rbtree.h */; };
		43FAD39A1FC6DD7F0065600E /* higher.h in Headers */ = {isa = PBXBuildFile; fileRef = 43FAD37E1FC6DD7D0065600E /* higher.h */; };
		43FAD39B1FC6DD7F0065600E /* sha2.h in Headers */ = {isa = PBXBuildFile; fileRef = 43FAD37F1FC6DD7D0065600E /* sha2.h */; };
		43FAD39C1FC6DD7F0065600E /* zone.h in Headers */ = {isa = PBXBuildFile; fileRef = 43FAD3801FC6DD7E0065600E /* zone.h */; };
		43FAD39D1FC6DD7F0065600E /* rdata.h in Headers */ = {isa = PBXBuildFile; fileRef = 43FAD3811FC6DD7E0065600E /* rdata.h */; };
		43FAD39E1FC6DD7F0065600E /* dnssec_sign.h in Headers */ = {isa = PBXBuildFile; fileRef = 43FAD3821FC6DD7E0065600E /* dnssec_sign.h */; };
		43FAD39F1FC6DD7F0065600E /* dname.h in Headers */ = {isa = PBXBuildFile; fileRef = 43FAD3831FC6DD7E0065600E /* dname.h */; };
		43FAD3A01FC6DD7F0065600E /* dane.h in Headers */ = {isa = PBXBuildFile; fileRef = 43FAD3841FC6DD7E0065600E /* dane.h */; };
		43FAD3A11FC6DD7F0065600E /* rr.h in Headers */ = {isa = PBXBuildFile; fileRef = 43FAD3851FC6DD7E0065600E /* rr.h */; };
		43FAD3A21FC6DD7F0065600E /* str2host.h in Headers */ = {isa = PBXBuildFile; fileRef = 43FAD3861FC6DD7E0065600E /* str2host.h */; };
		43FAD3A31FC6DD7F0065600E /* resolver.h in Headers */ = {isa = PBXBuildFile; fileRef = 43FAD3871FC6DD7E0065600E /* resolver.h */; };
		43FAD3A41FC6DD7F0065600E /* duration.h in Headers */ = {isa = PBXBuildFile; fileRef = 43FAD3881FC6DD7E0065600E /* duration.h */; };
		43FAD3A51FC6DD7F0065600E /* dnssec.h in Headers */ = {isa = PBXBuildFile; fileRef = 43FAD3891FC6DD7E0065600E /* dnssec.h */; };
		43FAD3A61FC6DD7F0065600E /* dnssec_zone.h in Headers */ = {isa = PBXBuildFile; fileRef = 43FAD38A1FC6DD7E0065600E /* dnssec_zone.h */; };
		43FAD3A71FC6DD7F0065600E /* update.h in Headers */ = {isa = PBXBuildFile; fileRef = 43FAD38B1FC6DD7E0065600E /* update.h */; };
		43FAD3A81FC6DD7F0065600E /* tsig.h in Headers */ = {isa = PBXBuildFile; fileRef = 43FAD38C1FC6DD7F0065600E /* tsig.h */; };
		43FAD3A91FC6DD7F0065600E /* error.h in Headers */ = {isa = PBXBuildFile; fileRef = 43FAD38D1FC6DD7F0065600E /* error.h */; };
		43FAD3AA1FC6DD7F0065600E /* packet.h in Headers */ = {isa = PBXBuildFile; fileRef = 43FAD38E1FC6DD7F0065600E /* packet.h */; };
		43FAD3AB1FC6DD7F0065600E /* dnssec_verify.h in Headers */ = {isa = PBXBuildFile; fileRef = 43FAD38F1FC6DD7F0065600E /* dnssec_verify.h */; };
		43FAD3AC1FC6DD7F0065600E /* sha1.h in Headers */ = {isa = PBXBuildFile; fileRef = 43FAD3901FC6DD7F0065600E /* sha1.h */; };
		43FAD3AD1FC6DD7F0065600E /* radix.h in Headers */ = {isa = PBXBuildFile; fileRef = 43FAD3911FC6DD7F0065600E /* radix.h */; };
		43FAD3AE1FC6DD7F0065600E /* wire2host.h in Headers */ = {isa = PBXBuildFile; fileRef = 43FAD3921FC6DD7F0065600E /* wire2host.h */; };
		43FAD3AF1FC6DD7F0065600E /* buffer.h in Headers */ = {isa = PBXBuildFile; fileRef = 43FAD3931FC6DD7F0065600E /* buffer.h */; };
		43FBB76D1FC6D9630057A3BD /* ldns_xcode.framework in Frameworks */ = {isa = PBXBuildFile; fileRef = 43FBB7631FC6D9630057A3BD /* ldns_xcode.framework */; };
		43FBB7721FC6D9630057A3BD /* ldns_xcodeTests.m in Sources */ = {isa = PBXBuildFile; fileRef = 43FBB7711FC6D9630057A3BD /* ldns_xcodeTests.m */; };
		43FBB7741FC6D9640057A3BD /* ldns_xcode.h in Headers */ = {isa = PBXBuildFile; fileRef = 43FBB7661FC6D9630057A3BD /* ldns_xcode.h */; settings = {ATTRIBUTES = (Public, ); }; };
/* End PBXBuildFile section */

/* Begin PBXContainerItemProxy section */
		4344E4331FCC367F00EEEA90 /* PBXContainerItemProxy */ = {
			isa = PBXContainerItemProxy;
			containerPortal = 43FBB75A1FC6D9630057A3BD /* Project object */;
			proxyType = 1;
			remoteGlobalIDString = 4344E42B1FCC367600EEEA90;
			remoteInfo = "ldns-xcode-config";
		};
		43FBB76E1FC6D9630057A3BD /* PBXContainerItemProxy */ = {
			isa = PBXContainerItemProxy;
			containerPortal = 43FBB75A1FC6D9630057A3BD /* Project object */;
			proxyType = 1;
			remoteGlobalIDString = 43FBB7621FC6D9630057A3BD;
			remoteInfo = "ldns-xcode";
		};
/* End PBXContainerItemProxy section */

/* Begin PBXFileReference section */
		4328761E1FCEBD8C0036990F /* configure.sh */ = {isa = PBXFileReference; lastKnownFileType = text.script.sh; path = configure.sh; sourceTree = "<group>"; };
		4344E42C1FCC367600EEEA90 /* ldns-xcode-config */ = {isa = PBXFileReference; explicitFileType = "compiled.mach-o.executable"; includeInIndex = 0; path = "ldns-xcode-config"; sourceTree = BUILT_PRODUCTS_DIR; };
		4344E42E1FCC367600EEEA90 /* main.m */ = {isa = PBXFileReference; lastKnownFileType = sourcecode.c.objc; path = main.m; sourceTree = "<group>"; };
		438C79501FCBF2A300FA01F8 /* libcrypto.a */ = {isa = PBXFileReference; lastKnownFileType = archive.ar; name = libcrypto.a; path = "../../../OpenSSL-for-iPhone/lib/libcrypto.a"; sourceTree = "<group>"; };
		438C79521FCBF47200FA01F8 /* dname.c */ = {isa = PBXFileReference; fileEncoding = 4; lastKnownFileType = sourcecode.c.c; name = dname.c; path = ../../dname.c; sourceTree = SOURCE_ROOT; };
		438C79541FCBF4CA00FA01F8 /* util.c */ = {isa = PBXFileReference; fileEncoding = 4; lastKnownFileType = sourcecode.c.c; name = util.c; path = ../../util.c; sourceTree = SOURCE_ROOT; };
		438C79561FCC143300FA01F8 /* libresolv.tbd */ = {isa = PBXFileReference; lastKnownFileType = "sourcecode.text-based-dylib-definition"; name = libresolv.tbd; path = usr/lib/libresolv.tbd; sourceTree = SDKROOT; };
		43FAD33F1FC6DCA10065600E /* duration.c */ = {isa = PBXFileReference; fileEncoding = 4; lastKnownFileType = sourcecode.c.c; name = duration.c; path = ../../duration.c; sourceTree = SOURCE_ROOT; };
		43FAD3401FC6DCA10065600E /* higher.c */ = {isa = PBXFileReference; fileEncoding = 4; lastKnownFileType = sourcecode.c.c; name = higher.c; path = ../../higher.c; sourceTree = SOURCE_ROOT; };
		43FAD3411FC6DCA10065600E /* error.c */ = {isa = PBXFileReference; fileEncoding = 4; lastKnownFileType = sourcecode.c.c; name = error.c; path = ../../error.c; sourceTree = SOURCE_ROOT; };
		43FAD3421FC6DCA20065600E /* buffer.c */ = {isa = PBXFileReference; fileEncoding = 4; lastKnownFileType = sourcecode.c.c; name = buffer.c; path = ../../buffer.c; sourceTree = SOURCE_ROOT; };
		43FAD3431FC6DCA20065600E /* net.c */ = {isa = PBXFileReference; fileEncoding = 4; lastKnownFileType = sourcecode.c.c; name = net.c; path = ../../net.c; sourceTree = SOURCE_ROOT; };
		43FAD3441FC6DCA20065600E /* packet.c */ = {isa = PBXFileReference; fileEncoding = 4; lastKnownFileType = sourcecode.c.c; name = packet.c; path = ../../packet.c; sourceTree = SOURCE_ROOT; };
		43FAD3451FC6DCA20065600E /* dnssec_verify.c */ = {isa = PBXFileReference; fileEncoding = 4; lastKnownFileType = sourcecode.c.c; name = dnssec_verify.c; path = ../../dnssec_verify.c; sourceTree = SOURCE_ROOT; };
		43FAD3461FC6DCA20065600E /* dnssec_sign.c */ = {isa = PBXFileReference; fileEncoding = 4; lastKnownFileType = sourcecode.c.c; name = dnssec_sign.c; path = ../../dnssec_sign.c; sourceTree = SOURCE_ROOT; };
		43FAD3471FC6DCA20065600E /* dane.c */ = {isa = PBXFileReference; fileEncoding = 4; lastKnownFileType = sourcecode.c.c; name = dane.c; path = ../../dane.c; sourceTree = SOURCE_ROOT; };
		43FAD3481FC6DCA20065600E /* dnssec_zone.c */ = {isa = PBXFileReference; fileEncoding = 4; lastKnownFileType = sourcecode.c.c; name = dnssec_zone.c; path = ../../dnssec_zone.c; sourceTree = SOURCE_ROOT; };
		43FAD3491FC6DCA20065600E /* dnssec.c */ = {isa = PBXFileReference; fileEncoding = 4; lastKnownFileType = sourcecode.c.c; name = dnssec.c; path = ../../dnssec.c; sourceTree = SOURCE_ROOT; };
		43FAD34A1FC6DCA20065600E /* host2str.c */ = {isa = PBXFileReference; fileEncoding = 4; lastKnownFileType = sourcecode.c.c; name = host2str.c; path = ../../host2str.c; sourceTree = SOURCE_ROOT; };
		43FAD34B1FC6DCA20065600E /* host2wire.c */ = {isa = PBXFileReference; fileEncoding = 4; lastKnownFileType = sourcecode.c.c; name = host2wire.c; path = ../../host2wire.c; sourceTree = SOURCE_ROOT; };
		43FAD34C1FC6DCA20065600E /* keys.c */ = {isa = PBXFileReference; fileEncoding = 4; lastKnownFileType = sourcecode.c.c; name = keys.c; path = ../../keys.c; sourceTree = SOURCE_ROOT; };
		43FAD35B1FC6DCE50065600E /* sha2.c */ = {isa = PBXFileReference; fileEncoding = 4; lastKnownFileType = sourcecode.c.c; name = sha2.c; path = ../../sha2.c; sourceTree = SOURCE_ROOT; };
		43FAD35C1FC6DCE60065600E /* rr_functions.c */ = {isa = PBXFileReference; fileEncoding = 4; lastKnownFileType = sourcecode.c.c; name = rr_functions.c; path = ../../rr_functions.c; sourceTree = SOURCE_ROOT; };
		43FAD35D1FC6DCE60065600E /* wire2host.c */ = {isa = PBXFileReference; fileEncoding = 4; lastKnownFileType = sourcecode.c.c; name = wire2host.c; path = ../../wire2host.c; sourceTree = SOURCE_ROOT; };
		43FAD35E1FC6DCE60065600E /* str2host.c */ = {isa = PBXFileReference; fileEncoding = 4; lastKnownFileType = sourcecode.c.c; name = str2host.c; path = ../../str2host.c; sourceTree = SOURCE_ROOT; };
		43FAD35F1FC6DCE60065600E /* radix.c */ = {isa = PBXFileReference; fileEncoding = 4; lastKnownFileType = sourcecode.c.c; name = radix.c; path = ../../radix.c; sourceTree = SOURCE_ROOT; };
		43FAD3601FC6DCE60065600E /* resolver.c */ = {isa = PBXFileReference; fileEncoding = 4; lastKnownFileType = sourcecode.c.c; name = resolver.c; path = ../../resolver.c; sourceTree = SOURCE_ROOT; };
		43FAD3611FC6DCE60065600E /* update.c */ = {isa = PBXFileReference; fileEncoding = 4; lastKnownFileType = sourcecode.c.c; name = update.c; path = ../../update.c; sourceTree = SOURCE_ROOT; };
		43FAD3621FC6DCE60065600E /* parse.c */ = {isa = PBXFileReference; fileEncoding = 4; lastKnownFileType = sourcecode.c.c; name = parse.c; path = ../../parse.c; sourceTree = SOURCE_ROOT; };
		43FAD3631FC6DCE60065600E /* tsig.c */ = {isa = PBXFileReference; fileEncoding = 4; lastKnownFileType = sourcecode.c.c; name = tsig.c; path = ../../tsig.c; sourceTree = SOURCE_ROOT; };
		43FAD3641FC6DCE60065600E /* rbtree.c */ = {isa = PBXFileReference; fileEncoding = 4; lastKnownFileType = sourcecode.c.c; name = rbtree.c; path = ../../rbtree.c; sourceTree = SOURCE_ROOT; };
		43FAD3651FC6DCE60065600E /* rdata.c */ = {isa = PBXFileReference; fileEncoding = 4; lastKnownFileType = sourcecode.c.c; name = rdata.c; path = ../../rdata.c; sourceTree = SOURCE_ROOT; };
		43FAD3661FC6DCE70065600E /* zone.c */ = {isa = PBXFileReference; fileEncoding = 4; lastKnownFileType = sourcecode.c.c; name = zone.c; path = ../../zone.c; sourceTree = SOURCE_ROOT; };
		43FAD3671FC6DCE70065600E /* sha1.c */ = {isa = PBXFileReference; fileEncoding = 4; lastKnownFileType = sourcecode.c.c; name = sha1.c; path = ../../sha1.c; sourceTree = SOURCE_ROOT; };
		43FAD3681FC6DCE70065600E /* rr.c */ = {isa = PBXFileReference; fileEncoding = 4; lastKnownFileType = sourcecode.c.c; name = rr.c; path = ../../rr.c; sourceTree = SOURCE_ROOT; };
		43FAD3781FC6DD7D0065600E /* rr_functions.h */ = {isa = PBXFileReference; fileEncoding = 4; lastKnownFileType = sourcecode.c.h; name = rr_functions.h; path = ../../ldns/rr_functions.h; sourceTree = SOURCE_ROOT; };
		43FAD3791FC6DD7D0065600E /* parse.h */ = {isa = PBXFileReference; fileEncoding = 4; lastKnownFileType = sourcecode.c.h; name = parse.h; path = ../../ldns/parse.h; sourceTree = SOURCE_ROOT; };
		43FAD37A1FC6DD7D0065600E /* host2str.h */ = {isa = PBXFileReference; fileEncoding = 4; lastKnownFileType = sourcecode.c.h; name = host2str.h; path = ../../ldns/host2str.h; sourceTree = SOURCE_ROOT; };
		43FAD37B1FC6DD7D0065600E /* host2wire.h */ = {isa = PBXFileReference; fileEncoding = 4; lastKnownFileType = sourcecode.c.h; name = host2wire.h; path = ../../ldns/host2wire.h; sourceTree = SOURCE_ROOT; };
		43FAD37C1FC6DD7D0065600E /* keys.h */ = {isa = PBXFileReference; fileEncoding = 4; lastKnownFileType = sourcecode.c.h; name = keys.h; path = ../../ldns/keys.h; sourceTree = SOURCE_ROOT; };
		43FAD37D1FC6DD7D0065600E /* rbtree.h */ = {isa = PBXFileReference; fileEncoding = 4; lastKnownFileType = sourcecode.c.h; name = rbtree.h; path = ../../ldns/rbtree.h; sourceTree = SOURCE_ROOT; };
		43FAD37E1FC6DD7D0065600E /* higher.h */ = {isa = PBXFileReference; fileEncoding = 4; lastKnownFileType = sourcecode.c.h; name = higher.h; path = ../../ldns/higher.h; sourceTree = SOURCE_ROOT; };
		43FAD37F1FC6DD7D0065600E /* sha2.h */ = {isa = PBXFileReference; fileEncoding = 4; lastKnownFileType = sourcecode.c.h; name = sha2.h; path = ../../ldns/sha2.h; sourceTree = SOURCE_ROOT; };
		43FAD3801FC6DD7E0065600E /* zone.h */ = {isa = PBXFileReference; fileEncoding = 4; lastKnownFileType = sourcecode.c.h; name = zone.h; path = ../../ldns/zone.h; sourceTree = SOURCE_ROOT; };
		43FAD3811FC6DD7E0065600E /* rdata.h */ = {isa = PBXFileReference; fileEncoding = 4; lastKnownFileType = sourcecode.c.h; name = rdata.h; path = ../../ldns/rdata.h; sourceTree = SOURCE_ROOT; };
		43FAD3821FC6DD7E0065600E /* dnssec_sign.h */ = {isa = PBXFileReference; fileEncoding = 4; lastKnownFileType = sourcecode.c.h; name = dnssec_sign.h; path = ../../ldns/dnssec_sign.h; sourceTree = SOURCE_ROOT; };
		43FAD3831FC6DD7E0065600E /* dname.h */ = {isa = PBXFileReference; fileEncoding = 4; lastKnownFileType = sourcecode.c.h; name = dname.h; path = ../../ldns/dname.h; sourceTree = SOURCE_ROOT; };
		43FAD3841FC6DD7E0065600E /* dane.h */ = {isa = PBXFileReference; fileEncoding = 4; lastKnownFileType = sourcecode.c.h; name = dane.h; path = ../../ldns/dane.h; sourceTree = SOURCE_ROOT; };
		43FAD3851FC6DD7E0065600E /* rr.h */ = {isa = PBXFileReference; fileEncoding = 4; lastKnownFileType = sourcecode.c.h; name = rr.h; path = ../../ldns/rr.h; sourceTree = SOURCE_ROOT; };
		43FAD3861FC6DD7E0065600E /* str2host.h */ = {isa = PBXFileReference; fileEncoding = 4; lastKnownFileType = sourcecode.c.h; name = str2host.h; path = ../../ldns/str2host.h; sourceTree = SOURCE_ROOT; };
		43FAD3871FC6DD7E0065600E /* resolver.h */ = {isa = PBXFileReference; fileEncoding = 4; lastKnownFileType = sourcecode.c.h; name = resolver.h; path = ../../ldns/resolver.h; sourceTree = SOURCE_ROOT; };
		43FAD3881FC6DD7E0065600E /* duration.h */ = {isa = PBXFileReference; fileEncoding = 4; lastKnownFileType = sourcecode.c.h; name = duration.h; path = ../../ldns/duration.h; sourceTree = SOURCE_ROOT; };
		43FAD3891FC6DD7E0065600E /* dnssec.h */ = {isa = PBXFileReference; fileEncoding = 4; lastKnownFileType = sourcecode.c.h; name = dnssec.h; path = ../../ldns/dnssec.h; sourceTree = SOURCE_ROOT; };
		43FAD38A1FC6DD7E0065600E /* dnssec_zone.h */ = {isa = PBXFileReference; fileEncoding = 4; lastKnownFileType = sourcecode.c.h; name = dnssec_zone.h; path = ../../ldns/dnssec_zone.h; sourceTree = SOURCE_ROOT; };
		43FAD38B1FC6DD7E0065600E /* update.h */ = {isa = PBXFileReference; fileEncoding = 4; lastKnownFileType = sourcecode.c.h; name = update.h; path = ../../ldns/update.h; sourceTree = SOURCE_ROOT; };
		43FAD38C1FC6DD7F0065600E /* tsig.h */ = {isa = PBXFileReference; fileEncoding = 4; lastKnownFileType = sourcecode.c.h; name = tsig.h; path = ../../ldns/tsig.h; sourceTree = SOURCE_ROOT; };
		43FAD38D1FC6DD7F0065600E /* error.h */ = {isa = PBXFileReference; fileEncoding = 4; lastKnownFileType = sourcecode.c.h; name = error.h; path = ../../ldns/error.h; sourceTree = SOURCE_ROOT; };
		43FAD38E1FC6DD7F0065600E /* packet.h */ = {isa = PBXFileReference; fileEncoding = 4; lastKnownFileType = sourcecode.c.h; name = packet.h; path = ../../ldns/packet.h; sourceTree = SOURCE_ROOT; };
		43FAD38F1FC6DD7F0065600E /* dnssec_verify.h */ = {isa = PBXFileReference; fileEncoding = 4; lastKnownFileType = sourcecode.c.h; name = dnssec_verify.h; path = ../../ldns/dnssec_verify.h; sourceTree = SOURCE_ROOT; };
		43FAD3901FC6DD7F0065600E /* sha1.h */ = {isa = PBXFileReference; fileEncoding = 4; lastKnownFileType = sourcecode.c.h; name = sha1.h; path = ../../ldns/sha1.h; sourceTree = SOURCE_ROOT; };
		43FAD3911FC6DD7F0065600E /* radix.h */ = {isa = PBXFileReference; fileEncoding = 4; lastKnownFileType = sourcecode.c.h; name = radix.h; path = ../../ldns/radix.h; sourceTree = SOURCE_ROOT; };
		43FAD3921FC6DD7F0065600E /* wire2host.h */ = {isa = PBXFileReference; fileEncoding = 4; lastKnownFileType = sourcecode.c.h; name = wire2host.h; path = ../../ldns/wire2host.h; sourceTree = SOURCE_ROOT; };
		43FAD3931FC6DD7F0065600E /* buffer.h */ = {isa = PBXFileReference; fileEncoding = 4; lastKnownFileType = sourcecode.c.h; name = buffer.h; path = ../../ldns/buffer.h; sourceTree = SOURCE_ROOT; };
		43FBB7631FC6D9630057A3BD /* ldns_xcode.framework */ = {isa = PBXFileReference; explicitFileType = wrapper.framework; includeInIndex = 0; path = ldns_xcode.framework; sourceTree = BUILT_PRODUCTS_DIR; };
		43FBB7661FC6D9630057A3BD /* ldns_xcode.h */ = {isa = PBXFileReference; lastKnownFileType = sourcecode.c.h; path = ldns_xcode.h; sourceTree = "<group>"; };
		43FBB7671FC6D9630057A3BD /* Info.plist */ = {isa = PBXFileReference; lastKnownFileType = text.plist.xml; path = Info.plist; sourceTree = "<group>"; };
		43FBB76C1FC6D9630057A3BD /* ldns-xcodeTests.xctest */ = {isa = PBXFileReference; explicitFileType = wrapper.cfbundle; includeInIndex = 0; path = "ldns-xcodeTests.xctest"; sourceTree = BUILT_PRODUCTS_DIR; };
		43FBB7711FC6D9630057A3BD /* ldns_xcodeTests.m */ = {isa = PBXFileReference; lastKnownFileType = sourcecode.c.objc; path = ldns_xcodeTests.m; sourceTree = "<group>"; };
		43FBB7731FC6D9640057A3BD /* Info.plist */ = {isa = PBXFileReference; lastKnownFileType = text.plist.xml; path = Info.plist; sourceTree = "<group>"; };
/* End PBXFileReference section */

/* Begin PBXFrameworksBuildPhase section */
		43FBB75F1FC6D9630057A3BD /* Frameworks */ = {
			isa = PBXFrameworksBuildPhase;
			buildActionMask = 2147483647;
			files = (
				438C79511FCBF2A300FA01F8 /* libcrypto.a in Frameworks */,
				438C79571FCC143300FA01F8 /* libresolv.tbd in Frameworks */,
			);
			runOnlyForDeploymentPostprocessing = 0;
		};
		43FBB7691FC6D9630057A3BD /* Frameworks */ = {
			isa = PBXFrameworksBuildPhase;
			buildActionMask = 2147483647;
			files = (
				43FBB76D1FC6D9630057A3BD /* ldns_xcode.framework in Frameworks */,
			);
			runOnlyForDeploymentPostprocessing = 0;
		};
/* End PBXFrameworksBuildPhase section */

/* Begin PBXGroup section */
		4328761D1FCEBD770036990F /* scripts */ = {
			isa = PBXGroup;
			children = (
				4328761E1FCEBD8C0036990F /* configure.sh */,
			);
			path = scripts;
			sourceTree = "<group>";
		};
		4344E42D1FCC367600EEEA90 /* ldns-xcode-config */ = {
			isa = PBXGroup;
			children = (
				4344E42E1FCC367600EEEA90 /* main.m */,
			);
			path = "ldns-xcode-config";
			sourceTree = "<group>";
		};
		438C794F1FCBF2A300FA01F8 /* Frameworks */ = {
			isa = PBXGroup;
			children = (
				438C79561FCC143300FA01F8 /* libresolv.tbd */,
				438C79501FCBF2A300FA01F8 /* libcrypto.a */,
			);
			name = Frameworks;
			sourceTree = "<group>";
		};
		43FAD33E1FC6DC240065600E /* src */ = {
			isa = PBXGroup;
			children = (
				438C79541FCBF4CA00FA01F8 /* util.c */,
				438C79521FCBF47200FA01F8 /* dname.c */,
				43FAD3421FC6DCA20065600E /* buffer.c */,
				43FAD3471FC6DCA20065600E /* dane.c */,
				43FAD3461FC6DCA20065600E /* dnssec_sign.c */,
				43FAD3451FC6DCA20065600E /* dnssec_verify.c */,
				43FAD3481FC6DCA20065600E /* dnssec_zone.c */,
				43FAD3491FC6DCA20065600E /* dnssec.c */,
				43FAD33F1FC6DCA10065600E /* duration.c */,
				43FAD3411FC6DCA10065600E /* error.c */,
				43FAD3401FC6DCA10065600E /* higher.c */,
				43FAD34A1FC6DCA20065600E /* host2str.c */,
				43FAD34B1FC6DCA20065600E /* host2wire.c */,
				43FAD34C1FC6DCA20065600E /* keys.c */,
				43FAD3431FC6DCA20065600E /* net.c */,
				43FAD3441FC6DCA20065600E /* packet.c */,
				43FAD3621FC6DCE60065600E /* parse.c */,
				43FAD35F1FC6DCE60065600E /* radix.c */,
				43FAD3641FC6DCE60065600E /* rbtree.c */,
				43FAD3651FC6DCE60065600E /* rdata.c */,
				43FAD3601FC6DCE60065600E /* resolver.c */,
				43FAD35C1FC6DCE60065600E /* rr_functions.c */,
				43FAD3681FC6DCE70065600E /* rr.c */,
				43FAD3671FC6DCE70065600E /* sha1.c */,
				43FAD35B1FC6DCE50065600E /* sha2.c */,
				43FAD35E1FC6DCE60065600E /* str2host.c */,
				43FAD3631FC6DCE60065600E /* tsig.c */,
				43FAD3611FC6DCE60065600E /* update.c */,
				43FAD35D1FC6DCE60065600E /* wire2host.c */,
				43FAD3661FC6DCE70065600E /* zone.c */,
			);
			path = src;
			sourceTree = SOURCE_ROOT;
		};
		43FAD3771FC6DCFE0065600E /* include */ = {
			isa = PBXGroup;
			children = (
				43FAD3931FC6DD7F0065600E /* buffer.h */,
				43FAD3841FC6DD7E0065600E /* dane.h */,
				43FAD3831FC6DD7E0065600E /* dname.h */,
				43FAD3821FC6DD7E0065600E /* dnssec_sign.h */,
				43FAD38F1FC6DD7F0065600E /* dnssec_verify.h */,
				43FAD38A1FC6DD7E0065600E /* dnssec_zone.h */,
				43FAD3891FC6DD7E0065600E /* dnssec.h */,
				43FAD3881FC6DD7E0065600E /* duration.h */,
				43FAD38D1FC6DD7F0065600E /* error.h */,
				43FAD37E1FC6DD7D0065600E /* higher.h */,
				43FAD37A1FC6DD7D0065600E /* host2str.h */,
				43FAD37B1FC6DD7D0065600E /* host2wire.h */,
				43FAD37C1FC6DD7D0065600E /* keys.h */,
				43FAD38E1FC6DD7F0065600E /* packet.h */,
				43FAD3791FC6DD7D0065600E /* parse.h */,
				43FAD3911FC6DD7F0065600E /* radix.h */,
				43FAD37D1FC6DD7D0065600E /* rbtree.h */,
				43FAD3811FC6DD7E0065600E /* rdata.h */,
				43FAD3871FC6DD7E0065600E /* resolver.h */,
				43FAD3781FC6DD7D0065600E /* rr_functions.h */,
				43FAD3851FC6DD7E0065600E /* rr.h */,
				43FAD3901FC6DD7F0065600E /* sha1.h */,
				43FAD37F1FC6DD7D0065600E /* sha2.h */,
				43FAD3861FC6DD7E0065600E /* str2host.h */,
				43FAD38C1FC6DD7F0065600E /* tsig.h */,
				43FAD38B1FC6DD7E0065600E /* update.h */,
				43FAD3921FC6DD7F0065600E /* wire2host.h */,
				43FAD3801FC6DD7E0065600E /* zone.h */,
			);
			path = include;
			sourceTree = SOURCE_ROOT;
		};
		43FBB7591FC6D9630057A3BD = {
			isa = PBXGroup;
			children = (
				43FAD3771FC6DCFE0065600E /* include */,
				43FAD33E1FC6DC240065600E /* src */,
				4328761D1FCEBD770036990F /* scripts */,
				43FBB7651FC6D9630057A3BD /* ldns-xcode */,
				43FBB7701FC6D9630057A3BD /* ldns-xcodeTests */,
				4344E42D1FCC367600EEEA90 /* ldns-xcode-config */,
				43FBB7641FC6D9630057A3BD /* Products */,
				438C794F1FCBF2A300FA01F8 /* Frameworks */,
			);
			sourceTree = "<group>";
		};
		43FBB7641FC6D9630057A3BD /* Products */ = {
			isa = PBXGroup;
			children = (
				43FBB7631FC6D9630057A3BD /* ldns_xcode.framework */,
				43FBB76C1FC6D9630057A3BD /* ldns-xcodeTests.xctest */,
				4344E42C1FCC367600EEEA90 /* ldns-xcode-config */,
			);
			name = Products;
			sourceTree = "<group>";
		};
		43FBB7651FC6D9630057A3BD /* ldns-xcode */ = {
			isa = PBXGroup;
			children = (
				43FBB7661FC6D9630057A3BD /* ldns_xcode.h */,
				43FBB7671FC6D9630057A3BD /* Info.plist */,
			);
			path = "ldns-xcode";
			sourceTree = "<group>";
		};
		43FBB7701FC6D9630057A3BD /* ldns-xcodeTests */ = {
			isa = PBXGroup;
			children = (
				43FBB7711FC6D9630057A3BD /* ldns_xcodeTests.m */,
				43FBB7731FC6D9640057A3BD /* Info.plist */,
			);
			path = "ldns-xcodeTests";
			sourceTree = "<group>";
		};
/* End PBXGroup section */

/* Begin PBXHeadersBuildPhase section */
		43FBB7601FC6D9630057A3BD /* Headers */ = {
			isa = PBXHeadersBuildPhase;
			buildActionMask = 2147483647;
			files = (
				43FAD3A41FC6DD7F0065600E /* duration.h in Headers */,
				43FAD39C1FC6DD7F0065600E /* zone.h in Headers */,
				43FAD39B1FC6DD7F0065600E /* sha2.h in Headers */,
				43FAD3AD1FC6DD7F0065600E /* radix.h in Headers */,
				43FAD3951FC6DD7F0065600E /* parse.h in Headers */,
				43FAD3961FC6DD7F0065600E /* host2str.h in Headers */,
				43FAD3981FC6DD7F0065600E /* keys.h in Headers */,
				43FAD3AA1FC6DD7F0065600E /* packet.h in Headers */,
				43FAD3AE1FC6DD7F0065600E /* wire2host.h in Headers */,
				43FAD3A71FC6DD7F0065600E /* update.h in Headers */,
				43FAD3A91FC6DD7F0065600E /* error.h in Headers */,
				43FAD3941FC6DD7F0065600E /* rr_functions.h in Headers */,
				43FAD3A01FC6DD7F0065600E /* dane.h in Headers */,
				43FAD3971FC6DD7F0065600E /* host2wire.h in Headers */,
				43FAD3A51FC6DD7F0065600E /* dnssec.h in Headers */,
				43FAD3AC1FC6DD7F0065600E /* sha1.h in Headers */,
				43FAD3A11FC6DD7F0065600E /* rr.h in Headers */,
				43FAD3AF1FC6DD7F0065600E /* buffer.h in Headers */,
				43FAD3A21FC6DD7F0065600E /* str2host.h in Headers */,
				43FAD39E1FC6DD7F0065600E /* dnssec_sign.h in Headers */,
				43FAD3A31FC6DD7F0065600E /* resolver.h in Headers */,
				43FAD3A61FC6DD7F0065600E /* dnssec_zone.h in Headers */,
				43FAD39D1FC6DD7F0065600E /* rdata.h in Headers */,
				43FAD39A1FC6DD7F0065600E /* higher.h in Headers */,
				43FAD3991FC6DD7F0065600E /* rbtree.h in Headers */,
				43FBB7741FC6D9640057A3BD /* ldns_xcode.h in Headers */,
				43FAD39F1FC6DD7F0065600E /* dname.h in Headers */,
				43FAD3AB1FC6DD7F0065600E /* dnssec_verify.h in Headers */,
				43FAD3A81FC6DD7F0065600E /* tsig.h in Headers */,
			);
			runOnlyForDeploymentPostprocessing = 0;
		};
/* End PBXHeadersBuildPhase section */

/* Begin PBXNativeTarget section */
		4344E42B1FCC367600EEEA90 /* ldns-xcode-config */ = {
			isa = PBXNativeTarget;
			buildConfigurationList = 4344E4321FCC367600EEEA90 /* Build configuration list for PBXNativeTarget "ldns-xcode-config" */;
			buildPhases = (
				4328761C1FCEAB6D0036990F /* ShellScript */,
				43C6684D1FD6AF8200A5171B /* ShellScript */,
			);
			buildRules = (
			);
			dependencies = (
			);
			name = "ldns-xcode-config";
			productName = "ldns-xcode-config";
			productReference = 4344E42C1FCC367600EEEA90 /* ldns-xcode-config */;
			productType = "com.apple.product-type.tool";
		};
		43FBB7621FC6D9630057A3BD /* ldns-xcode */ = {
			isa = PBXNativeTarget;
			buildConfigurationList = 43FBB7771FC6D9640057A3BD /* Build configuration list for PBXNativeTarget "ldns-xcode" */;
			buildPhases = (
				43FBB75E1FC6D9630057A3BD /* Sources */,
				43FBB75F1FC6D9630057A3BD /* Frameworks */,
				43FBB7601FC6D9630057A3BD /* Headers */,
				43FBB7611FC6D9630057A3BD /* Resources */,
			);
			buildRules = (
			);
			dependencies = (
				4344E4341FCC367F00EEEA90 /* PBXTargetDependency */,
			);
			name = "ldns-xcode";
			productName = "ldns-xcode";
			productReference = 43FBB7631FC6D9630057A3BD /* ldns_xcode.framework */;
			productType = "com.apple.product-type.framework";
		};
		43FBB76B1FC6D9630057A3BD /* ldns-xcodeTests */ = {
			isa = PBXNativeTarget;
			buildConfigurationList = 43FBB77A1FC6D9640057A3BD /* Build configuration list for PBXNativeTarget "ldns-xcodeTests" */;
			buildPhases = (
				43FBB7681FC6D9630057A3BD /* Sources */,
				43FBB7691FC6D9630057A3BD /* Frameworks */,
				43FBB76A1FC6D9630057A3BD /* Resources */,
			);
			buildRules = (
			);
			dependencies = (
				43FBB76F1FC6D9630057A3BD /* PBXTargetDependency */,
			);
			name = "ldns-xcodeTests";
			productName = "ldns-xcodeTests";
			productReference = 43FBB76C1FC6D9630057A3BD /* ldns-xcodeTests.xctest */;
			productType = "com.apple.product-type.bundle.unit-test";
		};
/* End PBXNativeTarget section */

/* Begin PBXProject section */
		43FBB75A1FC6D9630057A3BD /* Project object */ = {
			isa = PBXProject;
			attributes = {
				LastUpgradeCheck = 0910;
				ORGANIZATIONNAME = "pEp Security S.A.";
				TargetAttributes = {
					4344E42B1FCC367600EEEA90 = {
						CreatedOnToolsVersion = 9.1;
						ProvisioningStyle = Automatic;
					};
					43FBB7621FC6D9630057A3BD = {
						CreatedOnToolsVersion = 9.1;
						ProvisioningStyle = Automatic;
					};
					43FBB76B1FC6D9630057A3BD = {
						CreatedOnToolsVersion = 9.1;
						ProvisioningStyle = Automatic;
					};
				};
			};
			buildConfigurationList = 43FBB75D1FC6D9630057A3BD /* Build configuration list for PBXProject "ldns-xcode" */;
			compatibilityVersion = "Xcode 8.0";
			developmentRegion = en;
			hasScannedForEncodings = 0;
			knownRegions = (
				en,
			);
			mainGroup = 43FBB7591FC6D9630057A3BD;
			productRefGroup = 43FBB7641FC6D9630057A3BD /* Products */;
			projectDirPath = "";
			projectRoot = "";
			targets = (
				43FBB7621FC6D9630057A3BD /* ldns-xcode */,
				43FBB76B1FC6D9630057A3BD /* ldns-xcodeTests */,
				4344E42B1FCC367600EEEA90 /* ldns-xcode-config */,
			);
		};
/* End PBXProject section */

/* Begin PBXResourcesBuildPhase section */
		43FBB7611FC6D9630057A3BD /* Resources */ = {
			isa = PBXResourcesBuildPhase;
			buildActionMask = 2147483647;
			files = (
			);
			runOnlyForDeploymentPostprocessing = 0;
		};
		43FBB76A1FC6D9630057A3BD /* Resources */ = {
			isa = PBXResourcesBuildPhase;
			buildActionMask = 2147483647;
			files = (
			);
			runOnlyForDeploymentPostprocessing = 0;
		};
/* End PBXResourcesBuildPhase section */

/* Begin PBXShellScriptBuildPhase section */
		4328761C1FCEAB6D0036990F /* ShellScript */ = {
			isa = PBXShellScriptBuildPhase;
			buildActionMask = 2147483647;
			files = (
			);
			inputPaths = (
			);
			outputPaths = (
			);
			runOnlyForDeploymentPostprocessing = 0;
			shellPath = /bin/sh;
			shellScript = "OPENSSL_DIR=$PROJECT_DIR/../../../OpenSSL-for-iPhone\necho OPENSSL_DIR $OPENSSL_DIR\nif [ ! -f $OPENSSL_DIR/lib/libcrypto.a ]; then\ncd $OPENSSL_DIR\n./build-libssl.sh --branch=1.1.0\nexit 0\nfi";
		};
		43C6684D1FD6AF8200A5171B /* ShellScript */ = {
			isa = PBXShellScriptBuildPhase;
			buildActionMask = 2147483647;
			files = (
			);
			inputPaths = (
			);
			outputPaths = (
			);
			runOnlyForDeploymentPostprocessing = 0;
			shellPath = /bin/sh;
			shellScript = "sh $PROJECT_DIR/scripts/configure.sh";
		};
/* End PBXShellScriptBuildPhase section */

/* Begin PBXSourcesBuildPhase section */
		43FBB75E1FC6D9630057A3BD /* Sources */ = {
			isa = PBXSourcesBuildPhase;
			buildActionMask = 2147483647;
			files = (
				43FAD3731FC6DCE70065600E /* rdata.c in Sources */,
				43FAD3761FC6DCE70065600E /* rr.c in Sources */,
				43FAD34F1FC6DCA20065600E /* error.c in Sources */,
				438C79531FCBF47200FA01F8 /* dname.c in Sources */,
				43FAD3701FC6DCE70065600E /* parse.c in Sources */,
				438C79551FCBF4CA00FA01F8 /* util.c in Sources */,
				43FAD3571FC6DCA20065600E /* dnssec.c in Sources */,
				43FAD36F1FC6DCE70065600E /* update.c in Sources */,
				43FAD34E1FC6DCA20065600E /* higher.c in Sources */,
				43FAD3721FC6DCE70065600E /* rbtree.c in Sources */,
				43FAD36D1FC6DCE70065600E /* radix.c in Sources */,
				43FAD3591FC6DCA20065600E /* host2wire.c in Sources */,
				43FAD34D1FC6DCA20065600E /* duration.c in Sources */,
				43FAD3691FC6DCE70065600E /* sha2.c in Sources */,
				43FAD3581FC6DCA20065600E /* host2str.c in Sources */,
				43FAD3501FC6DCA20065600E /* buffer.c in Sources */,
				43FAD3741FC6DCE70065600E /* zone.c in Sources */,
				43FAD36E1FC6DCE70065600E /* resolver.c in Sources */,
				43FAD3551FC6DCA20065600E /* dane.c in Sources */,
				43FAD3511FC6DCA20065600E /* net.c in Sources */,
				43FAD3531FC6DCA20065600E /* dnssec_verify.c in Sources */,
				43FAD3711FC6DCE70065600E /* tsig.c in Sources */,
				43FAD36A1FC6DCE70065600E /* rr_functions.c in Sources */,
				43FAD36C1FC6DCE70065600E /* str2host.c in Sources */,
				43FAD3751FC6DCE70065600E /* sha1.c in Sources */,
				43FAD3541FC6DCA20065600E /* dnssec_sign.c in Sources */,
				43FAD36B1FC6DCE70065600E /* wire2host.c in Sources */,
				43FAD35A1FC6DCA20065600E /* keys.c in Sources */,
				43FAD3521FC6DCA20065600E /* packet.c in Sources */,
				43FAD3561FC6DCA20065600E /* dnssec_zone.c in Sources */,
			);
			runOnlyForDeploymentPostprocessing = 0;
		};
		43FBB7681FC6D9630057A3BD /* Sources */ = {
			isa = PBXSourcesBuildPhase;
			buildActionMask = 2147483647;
			files = (
				43FBB7721FC6D9630057A3BD /* ldns_xcodeTests.m in Sources */,
			);
			runOnlyForDeploymentPostprocessing = 0;
		};
/* End PBXSourcesBuildPhase section */

/* Begin PBXTargetDependency section */
		4344E4341FCC367F00EEEA90 /* PBXTargetDependency */ = {
			isa = PBXTargetDependency;
			target = 4344E42B1FCC367600EEEA90 /* ldns-xcode-config */;
			targetProxy = 4344E4331FCC367F00EEEA90 /* PBXContainerItemProxy */;
		};
		43FBB76F1FC6D9630057A3BD /* PBXTargetDependency */ = {
			isa = PBXTargetDependency;
			target = 43FBB7621FC6D9630057A3BD /* ldns-xcode */;
			targetProxy = 43FBB76E1FC6D9630057A3BD /* PBXContainerItemProxy */;
		};
/* End PBXTargetDependency section */

/* Begin XCBuildConfiguration section */
		4344E4301FCC367600EEEA90 /* Debug */ = {
			isa = XCBuildConfiguration;
			buildSettings = {
				CODE_SIGN_IDENTITY = "Mac Developer";
				CODE_SIGN_STYLE = Automatic;
				DEVELOPMENT_TEAM = NQLYU6MGPN;
				MACOSX_DEPLOYMENT_TARGET = 10.12;
				PRODUCT_NAME = "$(TARGET_NAME)";
				SDKROOT = macosx;
			};
			name = Debug;
		};
		4344E4311FCC367600EEEA90 /* Release */ = {
			isa = XCBuildConfiguration;
			buildSettings = {
				CODE_SIGN_IDENTITY = "Mac Developer";
				CODE_SIGN_STYLE = Automatic;
				DEVELOPMENT_TEAM = NQLYU6MGPN;
				MACOSX_DEPLOYMENT_TARGET = 10.12;
				PRODUCT_NAME = "$(TARGET_NAME)";
				SDKROOT = macosx;
			};
			name = Release;
		};
		43FBB7751FC6D9640057A3BD /* Debug */ = {
			isa = XCBuildConfiguration;
			buildSettings = {
				ALWAYS_SEARCH_USER_PATHS = NO;
				CLANG_ANALYZER_NONNULL = YES;
				CLANG_ANALYZER_NUMBER_OBJECT_CONVERSION = YES_AGGRESSIVE;
				CLANG_CXX_LANGUAGE_STANDARD = "gnu++14";
				CLANG_CXX_LIBRARY = "libc++";
				CLANG_ENABLE_MODULES = YES;
				CLANG_ENABLE_OBJC_ARC = YES;
				CLANG_WARN_BLOCK_CAPTURE_AUTORELEASING = YES;
				CLANG_WARN_BOOL_CONVERSION = YES;
				CLANG_WARN_COMMA = YES;
				CLANG_WARN_CONSTANT_CONVERSION = YES;
				CLANG_WARN_DIRECT_OBJC_ISA_USAGE = YES_ERROR;
				CLANG_WARN_DOCUMENTATION_COMMENTS = YES;
				CLANG_WARN_EMPTY_BODY = YES;
				CLANG_WARN_ENUM_CONVERSION = YES;
				CLANG_WARN_INFINITE_RECURSION = YES;
				CLANG_WARN_INT_CONVERSION = YES;
				CLANG_WARN_NON_LITERAL_NULL_CONVERSION = YES;
				CLANG_WARN_OBJC_LITERAL_CONVERSION = YES;
				CLANG_WARN_OBJC_ROOT_CLASS = YES_ERROR;
				CLANG_WARN_RANGE_LOOP_ANALYSIS = YES;
				CLANG_WARN_STRICT_PROTOTYPES = YES;
				CLANG_WARN_SUSPICIOUS_MOVE = YES;
				CLANG_WARN_UNGUARDED_AVAILABILITY = YES_AGGRESSIVE;
				CLANG_WARN_UNREACHABLE_CODE = YES;
				CLANG_WARN__DUPLICATE_METHOD_MATCH = YES;
				CODE_SIGN_IDENTITY = "iPhone Developer";
				COPY_PHASE_STRIP = NO;
				CURRENT_PROJECT_VERSION = 1;
				DEBUG_INFORMATION_FORMAT = dwarf;
				ENABLE_STRICT_OBJC_MSGSEND = YES;
				ENABLE_TESTABILITY = YES;
				GCC_C_LANGUAGE_STANDARD = gnu11;
				GCC_DYNAMIC_NO_PIC = NO;
				GCC_NO_COMMON_BLOCKS = YES;
				GCC_OPTIMIZATION_LEVEL = 0;
				GCC_PREPROCESSOR_DEFINITIONS = (
					"DEBUG=1",
					"$(inherited)",
				);
				GCC_WARN_64_TO_32_BIT_CONVERSION = YES;
				GCC_WARN_ABOUT_RETURN_TYPE = YES_ERROR;
				GCC_WARN_UNDECLARED_SELECTOR = YES;
				GCC_WARN_UNINITIALIZED_AUTOS = YES_AGGRESSIVE;
				GCC_WARN_UNUSED_FUNCTION = YES;
				GCC_WARN_UNUSED_VARIABLE = YES;
				IPHONEOS_DEPLOYMENT_TARGET = 11.1;
				MTL_ENABLE_DEBUG_INFO = YES;
				ONLY_ACTIVE_ARCH = YES;
				SDKROOT = iphoneos;
				VALID_ARCHS = arm64;
				VERSIONING_SYSTEM = "apple-generic";
				VERSION_INFO_PREFIX = "";
			};
			name = Debug;
		};
		43FBB7761FC6D9640057A3BD /* Release */ = {
			isa = XCBuildConfiguration;
			buildSettings = {
				ALWAYS_SEARCH_USER_PATHS = NO;
				CLANG_ANALYZER_NONNULL = YES;
				CLANG_ANALYZER_NUMBER_OBJECT_CONVERSION = YES_AGGRESSIVE;
				CLANG_CXX_LANGUAGE_STANDARD = "gnu++14";
				CLANG_CXX_LIBRARY = "libc++";
				CLANG_ENABLE_MODULES = YES;
				CLANG_ENABLE_OBJC_ARC = YES;
				CLANG_WARN_BLOCK_CAPTURE_AUTORELEASING = YES;
				CLANG_WARN_BOOL_CONVERSION = YES;
				CLANG_WARN_COMMA = YES;
				CLANG_WARN_CONSTANT_CONVERSION = YES;
				CLANG_WARN_DIRECT_OBJC_ISA_USAGE = YES_ERROR;
				CLANG_WARN_DOCUMENTATION_COMMENTS = YES;
				CLANG_WARN_EMPTY_BODY = YES;
				CLANG_WARN_ENUM_CONVERSION = YES;
				CLANG_WARN_INFINITE_RECURSION = YES;
				CLANG_WARN_INT_CONVERSION = YES;
				CLANG_WARN_NON_LITERAL_NULL_CONVERSION = YES;
				CLANG_WARN_OBJC_LITERAL_CONVERSION = YES;
				CLANG_WARN_OBJC_ROOT_CLASS = YES_ERROR;
				CLANG_WARN_RANGE_LOOP_ANALYSIS = YES;
				CLANG_WARN_STRICT_PROTOTYPES = YES;
				CLANG_WARN_SUSPICIOUS_MOVE = YES;
				CLANG_WARN_UNGUARDED_AVAILABILITY = YES_AGGRESSIVE;
				CLANG_WARN_UNREACHABLE_CODE = YES;
				CLANG_WARN__DUPLICATE_METHOD_MATCH = YES;
				CODE_SIGN_IDENTITY = "iPhone Developer";
				COPY_PHASE_STRIP = NO;
				CURRENT_PROJECT_VERSION = 1;
				DEBUG_INFORMATION_FORMAT = "dwarf-with-dsym";
				ENABLE_NS_ASSERTIONS = NO;
				ENABLE_STRICT_OBJC_MSGSEND = YES;
				GCC_C_LANGUAGE_STANDARD = gnu11;
				GCC_NO_COMMON_BLOCKS = YES;
				GCC_WARN_64_TO_32_BIT_CONVERSION = YES;
				GCC_WARN_ABOUT_RETURN_TYPE = YES_ERROR;
				GCC_WARN_UNDECLARED_SELECTOR = YES;
				GCC_WARN_UNINITIALIZED_AUTOS = YES_AGGRESSIVE;
				GCC_WARN_UNUSED_FUNCTION = YES;
				GCC_WARN_UNUSED_VARIABLE = YES;
				IPHONEOS_DEPLOYMENT_TARGET = 11.1;
				MTL_ENABLE_DEBUG_INFO = NO;
				SDKROOT = iphoneos;
				VALIDATE_PRODUCT = YES;
				VALID_ARCHS = arm64;
				VERSIONING_SYSTEM = "apple-generic";
				VERSION_INFO_PREFIX = "";
			};
			name = Release;
		};
		43FBB7781FC6D9640057A3BD /* Debug */ = {
			isa = XCBuildConfiguration;
			buildSettings = {
				CODE_SIGN_IDENTITY = "";
				CODE_SIGN_STYLE = Automatic;
				DEFINES_MODULE = YES;
				DEVELOPMENT_TEAM = NQLYU6MGPN;
				DYLIB_COMPATIBILITY_VERSION = 1;
				DYLIB_CURRENT_VERSION = 1;
				DYLIB_INSTALL_NAME_BASE = "@rpath";
				HEADER_SEARCH_PATHS = (
					"$(SRCROOT)/../../",
					"$(SRCROOT)/../../../OpenSSL-for-iPhone/include",
					"$(SRCROOT)",
				);
				INFOPLIST_FILE = "ldns-xcode/Info.plist";
				INSTALL_PATH = "$(LOCAL_LIBRARY_DIR)/Frameworks";
				IPHONEOS_DEPLOYMENT_TARGET = 9.0;
				LD_RUNPATH_SEARCH_PATHS = "$(inherited) @executable_path/Frameworks @loader_path/Frameworks";
				LIBRARY_SEARCH_PATHS = "$(SRCROOT)/../../../OpenSSL-for-iPhone/lib";
				PRODUCT_BUNDLE_IDENTIFIER = "net.pep-security.libs.ldns-xcode";
				PRODUCT_NAME = "$(TARGET_NAME:c99extidentifier)";
				SKIP_INSTALL = YES;
				TARGETED_DEVICE_FAMILY = "1,2";
			};
			name = Debug;
		};
		43FBB7791FC6D9640057A3BD /* Release */ = {
			isa = XCBuildConfiguration;
			buildSettings = {
				CODE_SIGN_IDENTITY = "";
				CODE_SIGN_STYLE = Automatic;
				DEFINES_MODULE = YES;
				DEVELOPMENT_TEAM = NQLYU6MGPN;
				DYLIB_COMPATIBILITY_VERSION = 1;
				DYLIB_CURRENT_VERSION = 1;
				DYLIB_INSTALL_NAME_BASE = "@rpath";
				HEADER_SEARCH_PATHS = (
					"$(SRCROOT)/../../",
					"$(SRCROOT)/../../../OpenSSL-for-iPhone/include",
					"$(SRCROOT)",
				);
				INFOPLIST_FILE = "ldns-xcode/Info.plist";
				INSTALL_PATH = "$(LOCAL_LIBRARY_DIR)/Frameworks";
				IPHONEOS_DEPLOYMENT_TARGET = 9.0;
				LD_RUNPATH_SEARCH_PATHS = "$(inherited) @executable_path/Frameworks @loader_path/Frameworks";
				LIBRARY_SEARCH_PATHS = "$(SRCROOT)/../../../OpenSSL-for-iPhone/lib";
				PRODUCT_BUNDLE_IDENTIFIER = "net.pep-security.libs.ldns-xcode";
				PRODUCT_NAME = "$(TARGET_NAME:c99extidentifier)";
				SKIP_INSTALL = YES;
				TARGETED_DEVICE_FAMILY = "1,2";
			};
			name = Release;
		};
		43FBB77B1FC6D9640057A3BD /* Debug */ = {
			isa = XCBuildConfiguration;
			buildSettings = {
				CODE_SIGN_STYLE = Automatic;
				DEVELOPMENT_TEAM = NQLYU6MGPN;
				INFOPLIST_FILE = "ldns-xcodeTests/Info.plist";
				LD_RUNPATH_SEARCH_PATHS = "$(inherited) @executable_path/Frameworks @loader_path/Frameworks";
				PRODUCT_BUNDLE_IDENTIFIER = "net.pep-security.libs.ldns-xcodeTests";
				PRODUCT_NAME = "$(TARGET_NAME)";
				TARGETED_DEVICE_FAMILY = "1,2";
			};
			name = Debug;
		};
		43FBB77C1FC6D9640057A3BD /* Release */ = {
			isa = XCBuildConfiguration;
			buildSettings = {
				CODE_SIGN_STYLE = Automatic;
				DEVELOPMENT_TEAM = NQLYU6MGPN;
				INFOPLIST_FILE = "ldns-xcodeTests/Info.plist";
				LD_RUNPATH_SEARCH_PATHS = "$(inherited) @executable_path/Frameworks @loader_path/Frameworks";
				PRODUCT_BUNDLE_IDENTIFIER = "net.pep-security.libs.ldns-xcodeTests";
				PRODUCT_NAME = "$(TARGET_NAME)";
				TARGETED_DEVICE_FAMILY = "1,2";
			};
			name = Release;
		};
/* End XCBuildConfiguration section */

/* Begin XCConfigurationList section */
		4344E4321FCC367600EEEA90 /* Build configuration list for PBXNativeTarget "ldns-xcode-config" */ = {
			isa = XCConfigurationList;
			buildConfigurations = (
				4344E4301FCC367600EEEA90 /* Debug */,
				4344E4311FCC367600EEEA90 /* Release */,
			);
			defaultConfigurationIsVisible = 0;
			defaultConfigurationName = Release;
		};
		43FBB75D1FC6D9630057A3BD /* Build configuration list for PBXProject "ldns-xcode" */ = {
			isa = XCConfigurationList;
			buildConfigurations = (
				43FBB7751FC6D9640057A3BD /* Debug */,
				43FBB7761FC6D9640057A3BD /* Release */,
			);
			defaultConfigurationIsVisible = 0;
			defaultConfigurationName = Release;
		};
		43FBB7771FC6D9640057A3BD /* Build configuration list for PBXNativeTarget "ldns-xcode" */ = {
			isa = XCConfigurationList;
			buildConfigurations = (
				43FBB7781FC6D9640057A3BD /* Debug */,
				43FBB7791FC6D9640057A3BD /* Release */,
			);
			defaultConfigurationIsVisible = 0;
			defaultConfigurationName = Release;
		};
		43FBB77A1FC6D9640057A3BD /* Build configuration list for PBXNativeTarget "ldns-xcodeTests" */ = {
			isa = XCConfigurationList;
			buildConfigurations = (
				43FBB77B1FC6D9640057A3BD /* Debug */,
				43FBB77C1FC6D9640057A3BD /* Release */,
			);
			defaultConfigurationIsVisible = 0;
			defaultConfigurationName = Release;
		};
/* End XCConfigurationList section */
	};
	rootObject = 43FBB75A1FC6D9630057A3BD /* Project object */;
}
